{
  "version": 4,
  "terraform_version": "1.4.6",
  "serial": 21,
  "lineage": "e7d11e16-7ec6-a321-12ce-6f9cf47fb26c",
  "outputs": {
    "ext_ip": {
      "value": "105.112.150.166",
      "type": "string"
    },
    "public_ip": {
      "value": "3.82.121.215",
      "type": "string"
    }
  },
  "resources": [
    {
      "mode": "data",
      "type": "aws_vpc",
      "name": "main",
      "provider": "provider[\"registry.terraform.io/hashicorp/aws\"]",
      "instances": [
        {
          "schema_version": 0,
          "attributes": {
            "arn": "arn:aws:ec2:us-east-1:144249951028:vpc/vpc-fccc4c81",
            "cidr_block": "172.31.0.0/16",
            "cidr_block_associations": [
              {
                "association_id": "vpc-cidr-assoc-1b950874",
                "cidr_block": "172.31.0.0/16",
                "state": "associated"
              }
            ],
            "default": true,
            "dhcp_options_id": "dopt-846e43fe",
            "enable_dns_hostnames": true,
            "enable_dns_support": true,
            "enable_network_address_usage_metrics": false,
            "filter": null,
            "id": "vpc-fccc4c81",
            "instance_tenancy": "default",
            "ipv6_association_id": "",
            "ipv6_cidr_block": "",
            "main_route_table_id": "rtb-3c7f7042",
            "owner_id": "144249951028",
            "state": null,
            "tags": {},
            "timeouts": null
          },
          "sensitive_attributes": []
        }
      ]
    },
    {
      "mode": "data",
      "type": "external",
      "name": "get_system_ip",
      "provider": "provider[\"registry.terraform.io/hashicorp/external\"]",
      "instances": [
        {
          "schema_version": 0,
          "attributes": {
            "id": "-",
            "program": [
              "bash",
              "-c",
              "./Get_IP.sh"
            ],
            "query": null,
            "result": {
              "public_ip": "105.112.150.166"
            },
            "working_dir": null
          },
          "sensitive_attributes": []
        }
      ]
    },
    {
      "mode": "data",
      "type": "template_file",
      "name": "user_data",
      "provider": "provider[\"registry.terraform.io/hashicorp/template\"]",
      "instances": [
        {
          "schema_version": 0,
          "attributes": {
            "filename": null,
            "id": "3211a5fc23dc9bf3ccba06648c0e7ecac3a1051ce150c4e64321e30724986032",
            "rendered": "# #cloud-config\r\n# packages: \r\n#   - httpd\r\n\r\n# runcmd:\r\n#   - systemctl start httpd\r\n#   - sudo systemctl enable httpd\r\n\r\n#cloud-config\r\npackage_upgrade: true\r\npackages:\r\n  - apache2\r\nwrite_files:\r\n  - content: |\r\n      \u003chtml\u003e\r\n        \u003chead\u003e\r\n          \u003ctitle\u003eWelcome to My Website\u003c/title\u003e\r\n        \u003c/head\u003e\r\n        \u003cbody\u003e\r\n          \u003ch1\u003eHello World!\u003c/h1\u003e\r\n          \u003cp\u003eThis is my first website running on an EC2 instance.\u003c/p\u003e\r\n          \u003cp\u003eIP address: $private_ipv4\u003c/p\u003e\r\n        \u003c/body\u003e\r\n      \u003c/html\u003e\r\n    path: /var/www/html/index.html\r\nruncmd:\r\n  - systemctl start apache2\r\n  - systemctl enable apache2\r\n",
            "template": "# #cloud-config\r\n# packages: \r\n#   - httpd\r\n\r\n# runcmd:\r\n#   - systemctl start httpd\r\n#   - sudo systemctl enable httpd\r\n\r\n#cloud-config\r\npackage_upgrade: true\r\npackages:\r\n  - apache2\r\nwrite_files:\r\n  - content: |\r\n      \u003chtml\u003e\r\n        \u003chead\u003e\r\n          \u003ctitle\u003eWelcome to My Website\u003c/title\u003e\r\n        \u003c/head\u003e\r\n        \u003cbody\u003e\r\n          \u003ch1\u003eHello World!\u003c/h1\u003e\r\n          \u003cp\u003eThis is my first website running on an EC2 instance.\u003c/p\u003e\r\n          \u003cp\u003eIP address: $private_ipv4\u003c/p\u003e\r\n        \u003c/body\u003e\r\n      \u003c/html\u003e\r\n    path: /var/www/html/index.html\r\nruncmd:\r\n  - systemctl start apache2\r\n  - systemctl enable apache2\r\n",
            "vars": null
          },
          "sensitive_attributes": []
        }
      ]
    },
    {
      "mode": "managed",
      "type": "aws_instance",
      "name": "myEc2Demo",
      "provider": "provider[\"registry.terraform.io/hashicorp/aws\"]",
      "instances": [
        {
          "schema_version": 1,
          "attributes": {
            "ami": "ami-0889a44b331db0194",
            "arn": "arn:aws:ec2:us-east-1:144249951028:instance/i-092e9b4a002677199",
            "associate_public_ip_address": true,
            "availability_zone": "us-east-1c",
            "capacity_reservation_specification": [
              {
                "capacity_reservation_preference": "open",
                "capacity_reservation_target": []
              }
            ],
            "cpu_core_count": 1,
            "cpu_threads_per_core": 1,
            "credit_specification": [
              {
                "cpu_credits": "standard"
              }
            ],
            "disable_api_stop": false,
            "disable_api_termination": false,
            "ebs_block_device": [],
            "ebs_optimized": false,
            "enclave_options": [
              {
                "enabled": false
              }
            ],
            "ephemeral_block_device": [],
            "get_password_data": false,
            "hibernation": false,
            "host_id": "",
            "host_resource_group_arn": null,
            "iam_instance_profile": "",
            "id": "i-092e9b4a002677199",
            "instance_initiated_shutdown_behavior": "stop",
            "instance_state": "running",
            "instance_type": "t2.micro",
            "ipv6_address_count": 0,
            "ipv6_addresses": [],
            "key_name": "SSH_to_ec2-key",
            "launch_template": [],
            "maintenance_options": [
              {
                "auto_recovery": "default"
              }
            ],
            "metadata_options": [
              {
                "http_endpoint": "enabled",
                "http_put_response_hop_limit": 2,
                "http_tokens": "required",
                "instance_metadata_tags": "disabled"
              }
            ],
            "monitoring": false,
            "network_interface": [],
            "outpost_arn": "",
            "password_data": "",
            "placement_group": "",
            "placement_partition_number": 0,
            "primary_network_interface_id": "eni-0b379c812e79f603e",
            "private_dns": "ip-172-31-89-197.ec2.internal",
            "private_dns_name_options": [
              {
                "enable_resource_name_dns_a_record": false,
                "enable_resource_name_dns_aaaa_record": false,
                "hostname_type": "ip-name"
              }
            ],
            "private_ip": "172.31.89.197",
            "public_dns": "ec2-3-82-121-215.compute-1.amazonaws.com",
            "public_ip": "3.82.121.215",
            "root_block_device": [
              {
                "delete_on_termination": true,
                "device_name": "/dev/xvda",
                "encrypted": false,
                "iops": 3000,
                "kms_key_id": "",
                "tags": {},
                "throughput": 125,
                "volume_id": "vol-0ecc20d7ac6771df2",
                "volume_size": 8,
                "volume_type": "gp3"
              }
            ],
            "secondary_private_ips": [],
            "security_groups": [
              "sg_myEc2Demo"
            ],
            "source_dest_check": true,
            "subnet_id": "subnet-88e89ba9",
            "tags": {
              "name": "MyEc2Nano"
            },
            "tags_all": {
              "name": "MyEc2Nano"
            },
            "tenancy": "default",
            "timeouts": null,
            "user_data": "71959daf3523b060a1a0c511eec67e7d3bb616c6",
            "user_data_base64": null,
            "user_data_replace_on_change": false,
            "volume_tags": null,
            "vpc_security_group_ids": [
              "sg-02ba1703a6d530885"
            ]
          },
          "sensitive_attributes": [],
          "private": "eyJlMmJmYjczMC1lY2FhLTExZTYtOGY4OC0zNDM2M2JjN2M0YzAiOnsiY3JlYXRlIjo2MDAwMDAwMDAwMDAsImRlbGV0ZSI6MTIwMDAwMDAwMDAwMCwidXBkYXRlIjo2MDAwMDAwMDAwMDB9LCJzY2hlbWFfdmVyc2lvbiI6IjEifQ==",
          "dependencies": [
            "aws_key_pair.SSH_to_ec2",
            "aws_security_group.sg_myEc2Demo",
            "data.template_file.user_data"
          ]
        }
      ]
    },
    {
      "mode": "managed",
      "type": "aws_key_pair",
      "name": "SSH_to_ec2",
      "provider": "provider[\"registry.terraform.io/hashicorp/aws\"]",
      "instances": [
        {
          "schema_version": 1,
          "attributes": {
            "arn": "arn:aws:ec2:us-east-1:144249951028:key-pair/SSH_to_ec2-key",
            "fingerprint": "0b:19:9b:46:08:7a:e6:23:ef:eb:ac:59:4a:10:be:31",
            "id": "SSH_to_ec2-key",
            "key_name": "SSH_to_ec2-key",
            "key_name_prefix": "",
            "key_pair_id": "key-0d6494be32b78ce1a",
            "key_type": "rsa",
            "public_key": "ssh-rsa AAAAB3NzaC1yc2EAAAADAQABAAABgQCkx1YX0qImfN6Da1vjirLLn9VihC0D5+D7gFyvxk37FvtI++i8cWjv8gAQRYyzzdRk1ET67qVCPp8gKYmweRvAaAO3UW4tbAe90rUI9dbqyVNRihs0hx2O9pMrlyZY97hyyDgFkOkAMJyDbqlO0i2R+usybuTtN5dzxdx+Wvz1CFzqgOh/zHA9OFdXNhgLcbbujg2Uo208YRv3uTPOwVv6/7J3TQNXgFaStcXdOib/6jUuT/iywn7/ur9rb9789rR7PAmq6h2mp09XDj691LD6MKPjFWPZx1H9n4QBhD/5OTQFuKAiAItJtBulj041X5nfj0IbGS9BYRSrtti+CF9vr+TtNtE6n7oaaN3Gbhf0kYzS/+CxCaOa4z8YBPsqyqdu5QcHYXXwpK2ogKQIw7vvyeqDOEQr9ZC724WYindiQmjssi4DQfXlvReZolLOciorEZsquLgBzVI+d7bVVlq+8Re9f44ORcXs6PCRfNOZ8OGpS0NGDK9DPfruBoVHqhs= user@BAYURZX",
            "tags": {},
            "tags_all": {}
          },
          "sensitive_attributes": [],
          "private": "eyJzY2hlbWFfdmVyc2lvbiI6IjEifQ=="
        }
      ]
    },
    {
      "mode": "managed",
      "type": "aws_security_group",
      "name": "sg_myEc2Demo",
      "provider": "provider[\"registry.terraform.io/hashicorp/aws\"]",
      "instances": [
        {
          "schema_version": 1,
          "attributes": {
            "arn": "arn:aws:ec2:us-east-1:144249951028:security-group/sg-02ba1703a6d530885",
            "description": "Security Group to Allow HTTP traffic",
            "egress": [
              {
                "cidr_blocks": [
                  "0.0.0.0/0"
                ],
                "description": "",
                "from_port": 0,
                "ipv6_cidr_blocks": [
                  "::/0"
                ],
                "prefix_list_ids": [],
                "protocol": "-1",
                "security_groups": [],
                "self": false,
                "to_port": 0
              }
            ],
            "id": "sg-02ba1703a6d530885",
            "ingress": [
              {
                "cidr_blocks": [
                  "0.0.0.0/0"
                ],
                "description": "HTTP",
                "from_port": 80,
                "ipv6_cidr_blocks": [],
                "prefix_list_ids": [],
                "protocol": "tcp",
                "security_groups": [],
                "self": false,
                "to_port": 80
              },
              {
                "cidr_blocks": [
                  "105.112.150.166/32"
                ],
                "description": "SSH",
                "from_port": 22,
                "ipv6_cidr_blocks": [],
                "prefix_list_ids": [],
                "protocol": "tcp",
                "security_groups": [],
                "self": false,
                "to_port": 22
              }
            ],
            "name": "sg_myEc2Demo",
            "name_prefix": "",
            "owner_id": "144249951028",
            "revoke_rules_on_delete": false,
            "tags": {},
            "tags_all": {},
            "timeouts": null,
            "vpc_id": "vpc-fccc4c81"
          },
          "sensitive_attributes": [],
          "private": "eyJlMmJmYjczMC1lY2FhLTExZTYtOGY4OC0zNDM2M2JjN2M0YzAiOnsiY3JlYXRlIjo2MDAwMDAwMDAwMDAsImRlbGV0ZSI6OTAwMDAwMDAwMDAwfSwic2NoZW1hX3ZlcnNpb24iOiIxIn0=",
          "dependencies": [
            "data.aws_vpc.main",
            "data.external.get_system_ip"
          ]
        }
      ]
    }
  ],
  "check_results": null
}
